
Microsoft Visual Studio Solution File, Format Version 12.00
# Visual Studio 2013
VisualStudioVersion = 12.0.21005.1
MinimumVisualStudioVersion = 10.0.40219.1
Project("{8BC9CEB8-8B4A-11D0-8D11-00A0C91BC942}") = "Lesson_1", "Lesson_1\Lesson_1.vcxproj", "{36FB3773-30A8-49C4-BA4F-7230C282CD10}"
EndProject
Project("{8BC9CEB8-8B4A-11D0-8D11-00A0C91BC942}") = "Lesson_2", "Lesson_2\Lesson_2.vcxproj", "{C3E302C9-3FE6-4FCB-A454-58D1D549F964}"
EndProject
Global
	GlobalSection(SolutionConfigurationPlatforms) = preSolution
		Debug|Win32 = Debug|Win32
		Release|Win32 = Release|Win32
	EndGlobalSection
	GlobalSection(ProjectConfigurationPlatforms) = postSolution
		{36FB3773-30A8-49C4-BA4F-7230C282CD10}.Debug|Win32.ActiveCfg = Debug|Win32
		{36FB3773-30A8-49C4-BA4F-7230C282CD10}.Debug|Win32.Build.0 = Debug|Win32
		{36FB3773-30A8-49C4-BA4F-7230C282CD10}.Release|Win32.ActiveCfg = Release|Win32
		{36FB3773-30A8-49C4-BA4F-7230C282CD10}.Release|Win32.Build.0 = Release|Win32
		{C3E302C9-3FE6-4FCB-A454-58D1D549F964}.Debug|Win32.ActiveCfg = Debug|Win32
		{C3E302C9-3FE6-4FCB-A454-58D1D549F964}.Debug|Win32.Build.0 = Debug|Win32
		{C3E302C9-3FE6-4FCB-A454-58D1D549F964}.Release|Win32.ActiveCfg = Release|Win32
		{C3E302C9-3FE6-4FCB-A454-58D1D549F964}.Release|Win32.Build.0 = Release|Win32
	EndGlobalSection
	GlobalSection(SolutionProperties) = preSolution
		HideSolutionNode = FALSE
	EndGlobalSection
EndGlobal
