
Microsoft Visual Studio Solution File, Format Version 12.00
# Visual Studio 2013
VisualStudioVersion = 12.0.21005.1
MinimumVisualStudioVersion = 10.0.40219.1
Project("{8BC9CEB8-8B4A-11D0-8D11-00A0C91BC942}") = "Lesson_1", "Lesson_1\Lesson_1.vcxproj", "{36FB3773-30A8-49C4-BA4F-7230C282CD10}"
EndProject
Project("{8BC9CEB8-8B4A-11D0-8D11-00A0C91BC942}") = "Lesson_2", "Lesson_2\Lesson_2.vcxproj", "{C3E302C9-3FE6-4FCB-A454-58D1D549F964}"
EndProject
Project("{8BC9CEB8-8B4A-11D0-8D11-00A0C91BC942}") = "Lesson_3", "Lesson_3\Lesson_3.vcxproj", "{7D398CB1-DEF7-45EC-A4E0-ED8771907101}"
EndProject
Project("{8BC9CEB8-8B4A-11D0-8D11-00A0C91BC942}") = "Lesson_4", "Lesson 4\Lesson 4.vcxproj", "{A41B1BB8-1A14-43C6-B8C2-66F50E34450C}"
EndProject
Project("{8BC9CEB8-8B4A-11D0-8D11-00A0C91BC942}") = "Lesson_5", "Lesson_5\Lesson_5.vcxproj", "{27CBEBC1-8161-4C2B-BBA4-4754EC8558C6}"
EndProject
Project("{8BC9CEB8-8B4A-11D0-8D11-00A0C91BC942}") = "Lesson_6", "Lesson_6\Lesson_6.vcxproj", "{4CAC7385-0260-4B32-AF3D-3AF9CF56E163}"
EndProject
Project("{8BC9CEB8-8B4A-11D0-8D11-00A0C91BC942}") = "Lesson_7", "Lesson_7\Lesson_7.vcxproj", "{C6E20C40-8B51-4757-9076-2BBFBB29F4C2}"
EndProject
Project("{8BC9CEB8-8B4A-11D0-8D11-00A0C91BC942}") = "Lesson_8", "Lesson_8\Lesson_8.vcxproj", "{E7DF617F-4CE0-4A3C-B142-159931F03187}"
EndProject
Global
	GlobalSection(SolutionConfigurationPlatforms) = preSolution
		Debug|Win32 = Debug|Win32
		Release|Win32 = Release|Win32
	EndGlobalSection
	GlobalSection(ProjectConfigurationPlatforms) = postSolution
		{36FB3773-30A8-49C4-BA4F-7230C282CD10}.Debug|Win32.ActiveCfg = Debug|Win32
		{36FB3773-30A8-49C4-BA4F-7230C282CD10}.Debug|Win32.Build.0 = Debug|Win32
		{36FB3773-30A8-49C4-BA4F-7230C282CD10}.Release|Win32.ActiveCfg = Release|Win32
		{36FB3773-30A8-49C4-BA4F-7230C282CD10}.Release|Win32.Build.0 = Release|Win32
		{C3E302C9-3FE6-4FCB-A454-58D1D549F964}.Debug|Win32.ActiveCfg = Debug|Win32
		{C3E302C9-3FE6-4FCB-A454-58D1D549F964}.Debug|Win32.Build.0 = Debug|Win32
		{C3E302C9-3FE6-4FCB-A454-58D1D549F964}.Release|Win32.ActiveCfg = Release|Win32
		{C3E302C9-3FE6-4FCB-A454-58D1D549F964}.Release|Win32.Build.0 = Release|Win32
		{7D398CB1-DEF7-45EC-A4E0-ED8771907101}.Debug|Win32.ActiveCfg = Debug|Win32
		{7D398CB1-DEF7-45EC-A4E0-ED8771907101}.Debug|Win32.Build.0 = Debug|Win32
		{7D398CB1-DEF7-45EC-A4E0-ED8771907101}.Release|Win32.ActiveCfg = Release|Win32
		{7D398CB1-DEF7-45EC-A4E0-ED8771907101}.Release|Win32.Build.0 = Release|Win32
		{A41B1BB8-1A14-43C6-B8C2-66F50E34450C}.Debug|Win32.ActiveCfg = Debug|Win32
		{A41B1BB8-1A14-43C6-B8C2-66F50E34450C}.Debug|Win32.Build.0 = Debug|Win32
		{A41B1BB8-1A14-43C6-B8C2-66F50E34450C}.Release|Win32.ActiveCfg = Release|Win32
		{A41B1BB8-1A14-43C6-B8C2-66F50E34450C}.Release|Win32.Build.0 = Release|Win32
		{27CBEBC1-8161-4C2B-BBA4-4754EC8558C6}.Debug|Win32.ActiveCfg = Debug|Win32
		{27CBEBC1-8161-4C2B-BBA4-4754EC8558C6}.Debug|Win32.Build.0 = Debug|Win32
		{27CBEBC1-8161-4C2B-BBA4-4754EC8558C6}.Release|Win32.ActiveCfg = Release|Win32
		{27CBEBC1-8161-4C2B-BBA4-4754EC8558C6}.Release|Win32.Build.0 = Release|Win32
		{4CAC7385-0260-4B32-AF3D-3AF9CF56E163}.Debug|Win32.ActiveCfg = Debug|Win32
		{4CAC7385-0260-4B32-AF3D-3AF9CF56E163}.Debug|Win32.Build.0 = Debug|Win32
		{4CAC7385-0260-4B32-AF3D-3AF9CF56E163}.Release|Win32.ActiveCfg = Release|Win32
		{4CAC7385-0260-4B32-AF3D-3AF9CF56E163}.Release|Win32.Build.0 = Release|Win32
		{C6E20C40-8B51-4757-9076-2BBFBB29F4C2}.Debug|Win32.ActiveCfg = Debug|Win32
		{C6E20C40-8B51-4757-9076-2BBFBB29F4C2}.Debug|Win32.Build.0 = Debug|Win32
		{C6E20C40-8B51-4757-9076-2BBFBB29F4C2}.Release|Win32.ActiveCfg = Release|Win32
		{C6E20C40-8B51-4757-9076-2BBFBB29F4C2}.Release|Win32.Build.0 = Release|Win32
		{E7DF617F-4CE0-4A3C-B142-159931F03187}.Debug|Win32.ActiveCfg = Debug|Win32
		{E7DF617F-4CE0-4A3C-B142-159931F03187}.Debug|Win32.Build.0 = Debug|Win32
		{E7DF617F-4CE0-4A3C-B142-159931F03187}.Release|Win32.ActiveCfg = Release|Win32
		{E7DF617F-4CE0-4A3C-B142-159931F03187}.Release|Win32.Build.0 = Release|Win32
	EndGlobalSection
	GlobalSection(SolutionProperties) = preSolution
		HideSolutionNode = FALSE
	EndGlobalSection
EndGlobal
